// !$*UTF8*$!
{
	archiveVersion = 1;
	classes = {
	};
	objectVersion = 46;
	objects = {

/* Begin PBXBuildFile section */
		F95950891CB1664E004A7099 /* AppDelegate.swift in Sources */ = {isa = PBXBuildFile; fileRef = F95950881CB1664E004A7099 /* AppDelegate.swift */; };
		F959508B1CB1664E004A7099 /* ViewController.swift in Sources */ = {isa = PBXBuildFile; fileRef = F959508A1CB1664E004A7099 /* ViewController.swift */; };
		F959508E1CB1664F004A7099 /* Main.storyboard in Resources */ = {isa = PBXBuildFile; fileRef = F959508C1CB1664F004A7099 /* Main.storyboard */; };
		F95950901CB1664F004A7099 /* Assets.xcassets in Resources */ = {isa = PBXBuildFile; fileRef = F959508F1CB1664F004A7099 /* Assets.xcassets */; };
		F95950931CB1664F004A7099 /* LaunchScreen.storyboard in Resources */ = {isa = PBXBuildFile; fileRef = F95950911CB1664F004A7099 /* LaunchScreen.storyboard */; };
		F959509B1CB16B83004A7099 /* RGBAImage.swift in Sources */ = {isa = PBXBuildFile; fileRef = F959509A1CB16B83004A7099 /* RGBAImage.swift */; };
		F95950A01CB16CF7004A7099 /* Common.swift in Sources */ = {isa = PBXBuildFile; fileRef = F959509E1CB16CF7004A7099 /* Common.swift */; };
		F95950A11CB16CF7004A7099 /* ImageProcessor.swift in Sources */ = {isa = PBXBuildFile; fileRef = F959509F1CB16CF7004A7099 /* ImageProcessor.swift */; };
/* End PBXBuildFile section */

/* Begin PBXFileReference section */
		F95950851CB1664C004A7099 /* Filterer.app */ = {isa = PBXFileReference; explicitFileType = wrapper.application; includeInIndex = 0; path = Filterer.app; sourceTree = BUILT_PRODUCTS_DIR; };
		F95950881CB1664E004A7099 /* AppDelegate.swift */ = {isa = PBXFileReference; lastKnownFileType = sourcecode.swift; path = AppDelegate.swift; sourceTree = "<group>"; };
		F959508A1CB1664E004A7099 /* ViewController.swift */ = {isa = PBXFileReference; lastKnownFileType = sourcecode.swift; path = ViewController.swift; sourceTree = "<group>"; };
		F959508D1CB1664F004A7099 /* Base */ = {isa = PBXFileReference; lastKnownFileType = file.storyboard; name = Base; path = Base.lproj/Main.storyboard; sourceTree = "<group>"; };
		F959508F1CB1664F004A7099 /* Assets.xcassets */ = {isa = PBXFileReference; lastKnownFileType = folder.assetcatalog; path = Assets.xcassets; sourceTree = "<group>"; };
		F95950921CB1664F004A7099 /* Base */ = {isa = PBXFileReference; lastKnownFileType = file.storyboard; name = Base; path = Base.lproj/LaunchScreen.storyboard; sourceTree = "<group>"; };
		F95950941CB1664F004A7099 /* Info.plist */ = {isa = PBXFileReference; lastKnownFileType = text.plist.xml; path = Info.plist; sourceTree = "<group>"; };
		F959509A1CB16B83004A7099 /* RGBAImage.swift */ = {isa = PBXFileReference; fileEncoding = 4; lastKnownFileType = sourcecode.swift; path = RGBAImage.swift; sourceTree = "<group>"; };
		F959509E1CB16CF7004A7099 /* Common.swift */ = {isa = PBXFileReference; fileEncoding = 4; lastKnownFileType = sourcecode.swift; path = Common.swift; sourceTree = "<group>"; };
		F959509F1CB16CF7004A7099 /* ImageProcessor.swift */ = {isa = PBXFileReference; fileEncoding = 4; lastKnownFileType = sourcecode.swift; path = ImageProcessor.swift; sourceTree = "<group>"; };
/* End PBXFileReference section */

/* Begin PBXFrameworksBuildPhase section */
		F95950821CB1664C004A7099 /* Frameworks */ = {
			isa = PBXFrameworksBuildPhase;
			buildActionMask = 2147483647;
			files = (
			);
			runOnlyForDeploymentPostprocessing = 0;
		};
/* End PBXFrameworksBuildPhase section */

/* Begin PBXGroup section */
		F959507C1CB1664C004A7099 = {
			isa = PBXGroup;
			children = (
				F95950871CB1664E004A7099 /* Filterer */,
				F95950861CB1664C004A7099 /* Products */,
			);
			sourceTree = "<group>";
		};
		F95950861CB1664C004A7099 /* Products */ = {
			isa = PBXGroup;
			children = (
				F95950851CB1664C004A7099 /* Filterer.app */,
			);
			name = Products;
			sourceTree = "<group>";
		};
		F95950871CB1664E004A7099 /* Filterer */ = {
			isa = PBXGroup;
			children = (
				F95950881CB1664E004A7099 /* AppDelegate.swift */,
				F959508A1CB1664E004A7099 /* ViewController.swift */,
				F959509A1CB16B83004A7099 /* RGBAImage.swift */,
				F959509E1CB16CF7004A7099 /* Common.swift */,
				F959509F1CB16CF7004A7099 /* ImageProcessor.swift */,
				F959508C1CB1664F004A7099 /* Main.storyboard */,
				F959508F1CB1664F004A7099 /* Assets.xcassets */,
				F95950911CB1664F004A7099 /* LaunchScreen.storyboard */,
				F95950941CB1664F004A7099 /* Info.plist */,
			);
			path = Filterer;
			sourceTree = "<group>";
		};
/* End PBXGroup section */

/* Begin PBXNativeTarget section */
		F95950841CB1664C004A7099 /* Filterer */ = {
			isa = PBXNativeTarget;
			buildConfigurationList = F95950971CB1664F004A7099 /* Build configuration list for PBXNativeTarget "Filterer" */;
			buildPhases = (
				F95950811CB1664C004A7099 /* Sources */,
				F95950821CB1664C004A7099 /* Frameworks */,
				F95950831CB1664C004A7099 /* Resources */,
			);
			buildRules = (
			);
			dependencies = (
			);
			name = Filterer;
			productName = Filterer;
			productReference = F95950851CB1664C004A7099 /* Filterer.app */;
			productType = "com.apple.product-type.application";
		};
/* End PBXNativeTarget section */

/* Begin PBXProject section */
		F959507D1CB1664C004A7099 /* Project object */ = {
			isa = PBXProject;
			attributes = {
				LastSwiftUpdateCheck = 0730;
				LastUpgradeCheck = 0730;
				ORGANIZATIONNAME = tybr;
				TargetAttributes = {
					F95950841CB1664C004A7099 = {
						CreatedOnToolsVersion = 7.3;
						DevelopmentTeam = 9DL4FC6C32;
					};
				};
			};
			buildConfigurationList = F95950801CB1664C004A7099 /* Build configuration list for PBXProject "Filterer" */;
			compatibilityVersion = "Xcode 3.2";
			developmentRegion = English;
			hasScannedForEncodings = 0;
			knownRegions = (
				en,
				Base,
			);
			mainGroup = F959507C1CB1664C004A7099;
			productRefGroup = F95950861CB1664C004A7099 /* Products */;
			projectDirPath = "";
			projectRoot = "";
			targets = (
				F95950841CB1664C004A7099 /* Filterer */,
			);
		};
/* End PBXProject section */

/* Begin PBXResourcesBuildPhase section */
		F95950831CB1664C004A7099 /* Resources */ = {
			isa = PBXResourcesBuildPhase;
			buildActionMask = 2147483647;
			files = (
				F95950931CB1664F004A7099 /* LaunchScreen.storyboard in Resources */,
				F95950901CB1664F004A7099 /* Assets.xcassets in Resources */,
				F959508E1CB1664F004A7099 /* Main.storyboard in Resources */,
			);
			runOnlyForDeploymentPostprocessing = 0;
		};
/* End PBXResourcesBuildPhase section */

/* Begin PBXSourcesBuildPhase section */
		F95950811CB1664C004A7099 /* Sources */ = {
			isa = PBXSourcesBuildPhase;
			buildActionMask = 2147483647;
			files = (
				F95950A01CB16CF7004A7099 /* Common.swift in Sources */,
				F959508B1CB1664E004A7099 /* ViewController.swift in Sources */,
				F95950A11CB16CF7004A7099 /* ImageProcessor.swift in Sources */,
				F959509B1CB16B83004A7099 /* RGBAImage.swift in Sources */,
				F95950891CB1664E004A7099 /* AppDelegate.swift in Sources */,
			);
			runOnlyForDeploymentPostprocessing = 0;
		};
/* End PBXSourcesBuildPhase section */

/* Begin PBXVariantGroup section */
		F959508C1CB1664F004A7099 /* Main.storyboard */ = {
			isa = PBXVariantGroup;
			children = (
				F959508D1CB1664F004A7099 /* Base */,
			);
			name = Main.storyboard;
			sourceTree = "<group>";
		};
		F95950911CB1664F004A7099 /* LaunchScreen.storyboard */ = {
			isa = PBXVariantGroup;
			children = (
				F95950921CB1664F004A7099 /* Base */,
			);
			name = LaunchScreen.storyboard;
			sourceTree = "<group>";
		};
/* End PBXVariantGroup section */

/* Begin XCBuildConfiguration section */
		F95950951CB1664F004A7099 /* Debug */ = {
			isa = XCBuildConfiguration;
			buildSettings = {
				ALWAYS_SEARCH_USER_PATHS = NO;
				CLANG_ANALYZER_NONNULL = YES;
				CLANG_CXX_LANGUAGE_STANDARD = "gnu++0x";
				CLANG_CXX_LIBRARY = "libc++";
				CLANG_ENABLE_MODULES = YES;
				CLANG_ENABLE_OBJC_ARC = YES;
				CLANG_WARN_BOOL_CONVERSION = YES;
				CLANG_WARN_CONSTANT_CONVERSION = YES;
				CLANG_WARN_DIRECT_OBJC_ISA_USAGE = YES_ERROR;
				CLANG_WARN_EMPTY_BODY = YES;
				CLANG_WARN_ENUM_CONVERSION = YES;
				CLANG_WARN_INT_CONVERSION = YES;
				CLANG_WARN_OBJC_ROOT_CLASS = YES_ERROR;
				CLANG_WARN_UNREACHABLE_CODE = YES;
				CLANG_WARN__DUPLICATE_METHOD_MATCH = YES;
				"CODE_SIGN_IDENTITY[sdk=iphoneos*]" = "iPhone Developer";
				COPY_PHASE_STRIP = NO;
				DEBUG_INFORMATION_FORMAT = dwarf;
				ENABLE_STRICT_OBJC_MSGSEND = YES;
				ENABLE_TESTABILITY = YES;
				GCC_C_LANGUAGE_STANDARD = gnu99;
				GCC_DYNAMIC_NO_PIC = NO;
				GCC_NO_COMMON_BLOCKS = YES;
				GCC_OPTIMIZATION_LEVEL = 0;
				GCC_PREPROCESSOR_DEFINITIONS = (
					"DEBUG=1",
					"$(inherited)",
				);
				GCC_WARN_64_TO_32_BIT_CONVERSION = YES;
				GCC_WARN_ABOUT_RETURN_TYPE = YES_ERROR;
				GCC_WARN_UNDECLARED_SELECTOR = YES;
				GCC_WARN_UNINITIALIZED_AUTOS = YES_AGGRESSIVE;
				GCC_WARN_UNUSED_FUNCTION = YES;
				GCC_WARN_UNUSED_VARIABLE = YES;
				IPHONEOS_DEPLOYMENT_TARGET = 9.3;
				MTL_ENABLE_DEBUG_INFO = YES;
				ONLY_ACTIVE_ARCH = YES;
				SDKROOT = iphoneos;
				SWIFT_OPTIMIZATION_LEVEL = "-Onone";
			};
			name = Debug;
		};
		F95950961CB1664F004A7099 /* Release */ = {
			isa = XCBuildConfiguration;
			buildSettings = {
				ALWAYS_SEARCH_USER_PATHS = NO;
				CLANG_ANALYZER_NONNULL = YES;
				CLANG_CXX_LANGUAGE_STANDARD = "gnu++0x";
				CLANG_CXX_LIBRARY = "libc++";
				CLANG_ENABLE_MODULES = YES;
				CLANG_ENABLE_OBJC_ARC = YES;
				CLANG_WARN_BOOL_CONVERSION = YES;
				CLANG_WARN_CONSTANT_CONVERSION = YES;
				CLANG_WARN_DIRECT_OBJC_ISA_USAGE = YES_ERROR;
				CLANG_WARN_EMPTY_BODY = YES;
				CLANG_WARN_ENUM_CONVERSION = YES;
				CLANG_WARN_INT_CONVERSION = YES;
				CLANG_WARN_OBJC_ROOT_CLASS = YES_ERROR;
				CLANG_WARN_UNREACHABLE_CODE = YES;
				CLANG_WARN__DUPLICATE_METHOD_MATCH = YES;
				"CODE_SIGN_IDENTITY[sdk=iphoneos*]" = "iPhone Developer";
				COPY_PHASE_STRIP = NO;
				DEBUG_INFORMATION_FORMAT = "dwarf-with-dsym";
				ENABLE_NS_ASSERTIONS = NO;
				ENABLE_STRICT_OBJC_MSGSEND = YES;
				GCC_C_LANGUAGE_STANDARD = gnu99;
				GCC_NO_COMMON_BLOCKS = YES;
				GCC_WARN_64_TO_32_BIT_CONVERSION = YES;
				GCC_WARN_ABOUT_RETURN_TYPE = YES_ERROR;
				GCC_WARN_UNDECLARED_SELECTOR = YES;
				GCC_WARN_UNINITIALIZED_AUTOS = YES_AGGRESSIVE;
				GCC_WARN_UNUSED_FUNCTION = YES;
				GCC_WARN_UNUSED_VARIABLE = YES;
				IPHONEOS_DEPLOYMENT_TARGET = 9.3;
				MTL_ENABLE_DEBUG_INFO = NO;
				SDKROOT = iphoneos;
				VALIDATE_PRODUCT = YES;
			};
			name = Release;
		};
		F95950981CB1664F004A7099 /* Debug */ = {
			isa = XCBuildConfiguration;
			buildSettings = {
				ASSETCATALOG_COMPILER_APPICON_NAME = AppIcon;
				CODE_SIGN_IDENTITY = "iPhone Developer";
				"CODE_SIGN_IDENTITY[sdk=iphoneos*]" = "iPhone Developer";
				INFOPLIST_FILE = Filterer/Info.plist;
				LD_RUNPATH_SEARCH_PATHS = "$(inherited) @executable_path/Frameworks";
				PRODUCT_BUNDLE_IDENTIFIER = com.tybr.Filterer;
				PRODUCT_NAME = "$(TARGET_NAME)";
				PROVISIONING_PROFILE = "";
			};
			name = Debug;
		};
		F95950991CB1664F004A7099 /* Release */ = {
			isa = XCBuildConfiguration;
			buildSettings = {
				ASSETCATALOG_COMPILER_APPICON_NAME = AppIcon;
				CODE_SIGN_IDENTITY = "iPhone Developer";
				"CODE_SIGN_IDENTITY[sdk=iphoneos*]" = "iPhone Developer";
				INFOPLIST_FILE = Filterer/Info.plist;
				LD_RUNPATH_SEARCH_PATHS = "$(inherited) @executable_path/Frameworks";
				PRODUCT_BUNDLE_IDENTIFIER = com.tybr.Filterer;
				PRODUCT_NAME = "$(TARGET_NAME)";
				PROVISIONING_PROFILE = "";
			};
			name = Release;
		};
/* End XCBuildConfiguration section */

/* Begin XCConfigurationList section */
		F95950801CB1664C004A7099 /* Build configuration list for PBXProject "Filterer" */ = {
			isa = XCConfigurationList;
			buildConfigurations = (
				F95950951CB1664F004A7099 /* Debug */,
				F95950961CB1664F004A7099 /* Release */,
			);
			defaultConfigurationIsVisible = 0;
			defaultConfigurationName = Release;
		};
		F95950971CB1664F004A7099 /* Build configuration list for PBXNativeTarget "Filterer" */ = {
			isa = XCConfigurationList;
			buildConfigurations = (
				F95950981CB1664F004A7099 /* Debug */,
				F95950991CB1664F004A7099 /* Release */,
			);
			defaultConfigurationIsVisible = 0;
		};
/* End XCConfigurationList section */
	};
	rootObject = F959507D1CB1664C004A7099 /* Project object */;
}
